
Microsoft Visual Studio Solution File, Format Version 12.00
# Visual Studio Version 17
VisualStudioVersion = 17.13.36105.23
MinimumVisualStudioVersion = 10.0.40219.1
Project("{FAE04EC0-301F-11D3-BF4B-00C04F79EFBC}") = "Delivery.Api", "Delivery.Api.csproj", "{01401AFC-045F-4122-B43F-9D19E255B951}"
EndProject
Project("{FAE04EC0-301F-11D3-BF4B-00C04F79EFBC}") = "Delivery.Application", "Delivery.Application\Delivery.Application.csproj", "{FCAC102D-342F-4A44-BADF-D7B505C01BA5}"
EndProject
Project("{FAE04EC0-301F-11D3-BF4B-00C04F79EFBC}") = "Delivery.Domain", "Delivery.Domain\Delivery.Domain.csproj", "{95CCD08C-97B9-4BA9-8BBA-3010D25065C5}"
EndProject
Project("{FAE04EC0-301F-11D3-BF4B-00C04F79EFBC}") = "Delivery.Infrastructure", "Delivery.Infrastructure\Delivery.Infrastructure.csproj", "{59938ED7-2BF1-4B65-A53C-F30091A4B46C}"
EndProject
Project("{FAE04EC0-301F-11D3-BF4B-00C04F79EFBC}") = "Delivery.Shared", "Delivery.Shared\Delivery.Shared.csproj", "{96F92E25-2B0D-4A84-BF77-688F88655585}"
EndProject
Global
	GlobalSection(SolutionConfigurationPlatforms) = preSolution
		Debug|Any CPU = Debug|Any CPU
		Release|Any CPU = Release|Any CPU
	EndGlobalSection
	GlobalSection(ProjectConfigurationPlatforms) = postSolution
		{01401AFC-045F-4122-B43F-9D19E255B951}.Debug|Any CPU.ActiveCfg = Debug|Any CPU
		{01401AFC-045F-4122-B43F-9D19E255B951}.Debug|Any CPU.Build.0 = Debug|Any CPU
		{01401AFC-045F-4122-B43F-9D19E255B951}.Release|Any CPU.ActiveCfg = Release|Any CPU
		{01401AFC-045F-4122-B43F-9D19E255B951}.Release|Any CPU.Build.0 = Release|Any CPU
		{FCAC102D-342F-4A44-BADF-D7B505C01BA5}.Debug|Any CPU.ActiveCfg = Debug|Any CPU
		{FCAC102D-342F-4A44-BADF-D7B505C01BA5}.Debug|Any CPU.Build.0 = Debug|Any CPU
		{FCAC102D-342F-4A44-BADF-D7B505C01BA5}.Release|Any CPU.ActiveCfg = Release|Any CPU
		{FCAC102D-342F-4A44-BADF-D7B505C01BA5}.Release|Any CPU.Build.0 = Release|Any CPU
		{95CCD08C-97B9-4BA9-8BBA-3010D25065C5}.Debug|Any CPU.ActiveCfg = Debug|Any CPU
		{95CCD08C-97B9-4BA9-8BBA-3010D25065C5}.Debug|Any CPU.Build.0 = Debug|Any CPU
		{95CCD08C-97B9-4BA9-8BBA-3010D25065C5}.Release|Any CPU.ActiveCfg = Release|Any CPU
		{95CCD08C-97B9-4BA9-8BBA-3010D25065C5}.Release|Any CPU.Build.0 = Release|Any CPU
		{59938ED7-2BF1-4B65-A53C-F30091A4B46C}.Debug|Any CPU.ActiveCfg = Debug|Any CPU
		{59938ED7-2BF1-4B65-A53C-F30091A4B46C}.Debug|Any CPU.Build.0 = Debug|Any CPU
		{59938ED7-2BF1-4B65-A53C-F30091A4B46C}.Release|Any CPU.ActiveCfg = Release|Any CPU
		{59938ED7-2BF1-4B65-A53C-F30091A4B46C}.Release|Any CPU.Build.0 = Release|Any CPU
		{96F92E25-2B0D-4A84-BF77-688F88655585}.Debug|Any CPU.ActiveCfg = Debug|Any CPU
		{96F92E25-2B0D-4A84-BF77-688F88655585}.Debug|Any CPU.Build.0 = Debug|Any CPU
		{96F92E25-2B0D-4A84-BF77-688F88655585}.Release|Any CPU.ActiveCfg = Release|Any CPU
		{96F92E25-2B0D-4A84-BF77-688F88655585}.Release|Any CPU.Build.0 = Release|Any CPU
	EndGlobalSection
	GlobalSection(SolutionProperties) = preSolution
		HideSolutionNode = FALSE
	EndGlobalSection
	GlobalSection(ExtensibilityGlobals) = postSolution
		SolutionGuid = {237D7C56-2A30-42C7-948F-188263FF01D3}
	EndGlobalSection
EndGlobal
